
Microsoft Visual Studio Solution File, Format Version 12.00
# Visual Studio 15
VisualStudioVersion = 15.0.26403.7
MinimumVisualStudioVersion = 10.0.40219.1
Project("{FAE04EC0-301F-11D3-BF4B-00C04F79EFBC}") = "CimmytApp", "CimmytApp\CimmytApp\CimmytApp.csproj", "{B7DEC39B-EDA0-4BCA-8556-A56D8897A347}"
EndProject
Project("{FAE04EC0-301F-11D3-BF4B-00C04F79EFBC}") = "CimmytApp.Droid", "CimmytApp\CimmytApp.Droid\CimmytApp.Droid.csproj", "{2E2A8A44-2C66-49C6-AC9D-00B6B3E1D5FF}"
EndProject
Project("{FAE04EC0-301F-11D3-BF4B-00C04F79EFBC}") = "CimmytApp.iOS", "CimmytApp\CimmytApp.iOS\CimmytApp.iOS.csproj", "{7D67653B-3B99-43DF-8480-4C8C5E85C561}"
EndProject
Project("{FAE04EC0-301F-11D3-BF4B-00C04F79EFBC}") = "CimmytApp.UWP", "CimmytApp\CimmytApp.UWP\CimmytApp.UWP.csproj", "{E6DE95C2-C0C9-47AC-A746-42F4E1085C94}"
EndProject
Project("{FAE04EC0-301F-11D3-BF4B-00C04F79EFBC}") = "CimmytApp.SQLiteDB", "CimmytApp.SQLiteDB\CimmytApp.SQLiteDB.csproj", "{67F9D3A8-F71E-4428-913F-C37AE82CDB24}"
EndProject
Project("{FAE04EC0-301F-11D3-BF4B-00C04F79EFBC}") = "CimmytApp.BusinessContract", "CimmytApp.BusinessContract\CimmytApp.BusinessContract.csproj", "{8FA589B1-356E-4A97-B4C9-C1681A8906D7}"
EndProject
Project("{FAE04EC0-301F-11D3-BF4B-00C04F79EFBC}") = "Helper.SQLiteContract", "Helper.SQLiteContract\Helper.SQLiteContract.csproj", "{82ADCADB-BD01-4569-9BD1-E5A8DB1C5CEA}"
EndProject
Global
	GlobalSection(SolutionConfigurationPlatforms) = preSolution
		Ad-Hoc|Any CPU = Ad-Hoc|Any CPU
		Ad-Hoc|ARM = Ad-Hoc|ARM
		Ad-Hoc|iPhone = Ad-Hoc|iPhone
		Ad-Hoc|iPhoneSimulator = Ad-Hoc|iPhoneSimulator
		Ad-Hoc|x64 = Ad-Hoc|x64
		Ad-Hoc|x86 = Ad-Hoc|x86
		AppStore|Any CPU = AppStore|Any CPU
		AppStore|ARM = AppStore|ARM
		AppStore|iPhone = AppStore|iPhone
		AppStore|iPhoneSimulator = AppStore|iPhoneSimulator
		AppStore|x64 = AppStore|x64
		AppStore|x86 = AppStore|x86
		Debug|Any CPU = Debug|Any CPU
		Debug|ARM = Debug|ARM
		Debug|iPhone = Debug|iPhone
		Debug|iPhoneSimulator = Debug|iPhoneSimulator
		Debug|x64 = Debug|x64
		Debug|x86 = Debug|x86
		Release|Any CPU = Release|Any CPU
		Release|ARM = Release|ARM
		Release|iPhone = Release|iPhone
		Release|iPhoneSimulator = Release|iPhoneSimulator
		Release|x64 = Release|x64
		Release|x86 = Release|x86
	EndGlobalSection
	GlobalSection(ProjectConfigurationPlatforms) = postSolution
		{B7DEC39B-EDA0-4BCA-8556-A56D8897A347}.Ad-Hoc|Any CPU.ActiveCfg = Release|Any CPU
		{B7DEC39B-EDA0-4BCA-8556-A56D8897A347}.Ad-Hoc|Any CPU.Build.0 = Release|Any CPU
		{B7DEC39B-EDA0-4BCA-8556-A56D8897A347}.Ad-Hoc|ARM.ActiveCfg = Release|Any CPU
		{B7DEC39B-EDA0-4BCA-8556-A56D8897A347}.Ad-Hoc|ARM.Build.0 = Release|Any CPU
		{B7DEC39B-EDA0-4BCA-8556-A56D8897A347}.Ad-Hoc|iPhone.ActiveCfg = Release|Any CPU
		{B7DEC39B-EDA0-4BCA-8556-A56D8897A347}.Ad-Hoc|iPhone.Build.0 = Release|Any CPU
		{B7DEC39B-EDA0-4BCA-8556-A56D8897A347}.Ad-Hoc|iPhoneSimulator.ActiveCfg = Release|Any CPU
		{B7DEC39B-EDA0-4BCA-8556-A56D8897A347}.Ad-Hoc|iPhoneSimulator.Build.0 = Release|Any CPU
		{B7DEC39B-EDA0-4BCA-8556-A56D8897A347}.Ad-Hoc|x64.ActiveCfg = Release|Any CPU
		{B7DEC39B-EDA0-4BCA-8556-A56D8897A347}.Ad-Hoc|x64.Build.0 = Release|Any CPU
		{B7DEC39B-EDA0-4BCA-8556-A56D8897A347}.Ad-Hoc|x86.ActiveCfg = Release|Any CPU
		{B7DEC39B-EDA0-4BCA-8556-A56D8897A347}.Ad-Hoc|x86.Build.0 = Release|Any CPU
		{B7DEC39B-EDA0-4BCA-8556-A56D8897A347}.AppStore|Any CPU.ActiveCfg = Release|Any CPU
		{B7DEC39B-EDA0-4BCA-8556-A56D8897A347}.AppStore|Any CPU.Build.0 = Release|Any CPU
		{B7DEC39B-EDA0-4BCA-8556-A56D8897A347}.AppStore|ARM.ActiveCfg = Release|Any CPU
		{B7DEC39B-EDA0-4BCA-8556-A56D8897A347}.AppStore|ARM.Build.0 = Release|Any CPU
		{B7DEC39B-EDA0-4BCA-8556-A56D8897A347}.AppStore|iPhone.ActiveCfg = Release|Any CPU
		{B7DEC39B-EDA0-4BCA-8556-A56D8897A347}.AppStore|iPhone.Build.0 = Release|Any CPU
		{B7DEC39B-EDA0-4BCA-8556-A56D8897A347}.AppStore|iPhoneSimulator.ActiveCfg = Release|Any CPU
		{B7DEC39B-EDA0-4BCA-8556-A56D8897A347}.AppStore|iPhoneSimulator.Build.0 = Release|Any CPU
		{B7DEC39B-EDA0-4BCA-8556-A56D8897A347}.AppStore|x64.ActiveCfg = Release|Any CPU
		{B7DEC39B-EDA0-4BCA-8556-A56D8897A347}.AppStore|x64.Build.0 = Release|Any CPU
		{B7DEC39B-EDA0-4BCA-8556-A56D8897A347}.AppStore|x86.ActiveCfg = Release|Any CPU
		{B7DEC39B-EDA0-4BCA-8556-A56D8897A347}.AppStore|x86.Build.0 = Release|Any CPU
		{B7DEC39B-EDA0-4BCA-8556-A56D8897A347}.Debug|Any CPU.ActiveCfg = Debug|Any CPU
		{B7DEC39B-EDA0-4BCA-8556-A56D8897A347}.Debug|Any CPU.Build.0 = Debug|Any CPU
		{B7DEC39B-EDA0-4BCA-8556-A56D8897A347}.Debug|ARM.ActiveCfg = Debug|Any CPU
		{B7DEC39B-EDA0-4BCA-8556-A56D8897A347}.Debug|ARM.Build.0 = Debug|Any CPU
		{B7DEC39B-EDA0-4BCA-8556-A56D8897A347}.Debug|iPhone.ActiveCfg = Debug|Any CPU
		{B7DEC39B-EDA0-4BCA-8556-A56D8897A347}.Debug|iPhone.Build.0 = Debug|Any CPU
		{B7DEC39B-EDA0-4BCA-8556-A56D8897A347}.Debug|iPhoneSimulator.ActiveCfg = Debug|Any CPU
		{B7DEC39B-EDA0-4BCA-8556-A56D8897A347}.Debug|iPhoneSimulator.Build.0 = Debug|Any CPU
		{B7DEC39B-EDA0-4BCA-8556-A56D8897A347}.Debug|x64.ActiveCfg = Debug|Any CPU
		{B7DEC39B-EDA0-4BCA-8556-A56D8897A347}.Debug|x64.Build.0 = Debug|Any CPU
		{B7DEC39B-EDA0-4BCA-8556-A56D8897A347}.Debug|x86.ActiveCfg = Debug|Any CPU
		{B7DEC39B-EDA0-4BCA-8556-A56D8897A347}.Debug|x86.Build.0 = Debug|Any CPU
		{B7DEC39B-EDA0-4BCA-8556-A56D8897A347}.Release|Any CPU.ActiveCfg = Release|Any CPU
		{B7DEC39B-EDA0-4BCA-8556-A56D8897A347}.Release|Any CPU.Build.0 = Release|Any CPU
		{B7DEC39B-EDA0-4BCA-8556-A56D8897A347}.Release|ARM.ActiveCfg = Release|Any CPU
		{B7DEC39B-EDA0-4BCA-8556-A56D8897A347}.Release|ARM.Build.0 = Release|Any CPU
		{B7DEC39B-EDA0-4BCA-8556-A56D8897A347}.Release|iPhone.ActiveCfg = Release|Any CPU
		{B7DEC39B-EDA0-4BCA-8556-A56D8897A347}.Release|iPhone.Build.0 = Release|Any CPU
		{B7DEC39B-EDA0-4BCA-8556-A56D8897A347}.Release|iPhoneSimulator.ActiveCfg = Release|Any CPU
		{B7DEC39B-EDA0-4BCA-8556-A56D8897A347}.Release|iPhoneSimulator.Build.0 = Release|Any CPU
		{B7DEC39B-EDA0-4BCA-8556-A56D8897A347}.Release|x64.ActiveCfg = Release|Any CPU
		{B7DEC39B-EDA0-4BCA-8556-A56D8897A347}.Release|x64.Build.0 = Release|Any CPU
		{B7DEC39B-EDA0-4BCA-8556-A56D8897A347}.Release|x86.ActiveCfg = Release|Any CPU
		{B7DEC39B-EDA0-4BCA-8556-A56D8897A347}.Release|x86.Build.0 = Release|Any CPU
		{2E2A8A44-2C66-49C6-AC9D-00B6B3E1D5FF}.Ad-Hoc|Any CPU.ActiveCfg = Release|Any CPU
		{2E2A8A44-2C66-49C6-AC9D-00B6B3E1D5FF}.Ad-Hoc|Any CPU.Build.0 = Release|Any CPU
		{2E2A8A44-2C66-49C6-AC9D-00B6B3E1D5FF}.Ad-Hoc|Any CPU.Deploy.0 = Release|Any CPU
		{2E2A8A44-2C66-49C6-AC9D-00B6B3E1D5FF}.Ad-Hoc|ARM.ActiveCfg = Release|Any CPU
		{2E2A8A44-2C66-49C6-AC9D-00B6B3E1D5FF}.Ad-Hoc|ARM.Build.0 = Release|Any CPU
		{2E2A8A44-2C66-49C6-AC9D-00B6B3E1D5FF}.Ad-Hoc|ARM.Deploy.0 = Release|Any CPU
		{2E2A8A44-2C66-49C6-AC9D-00B6B3E1D5FF}.Ad-Hoc|iPhone.ActiveCfg = Release|Any CPU
		{2E2A8A44-2C66-49C6-AC9D-00B6B3E1D5FF}.Ad-Hoc|iPhone.Build.0 = Release|Any CPU
		{2E2A8A44-2C66-49C6-AC9D-00B6B3E1D5FF}.Ad-Hoc|iPhone.Deploy.0 = Release|Any CPU
		{2E2A8A44-2C66-49C6-AC9D-00B6B3E1D5FF}.Ad-Hoc|iPhoneSimulator.ActiveCfg = Release|Any CPU
		{2E2A8A44-2C66-49C6-AC9D-00B6B3E1D5FF}.Ad-Hoc|iPhoneSimulator.Build.0 = Release|Any CPU
		{2E2A8A44-2C66-49C6-AC9D-00B6B3E1D5FF}.Ad-Hoc|iPhoneSimulator.Deploy.0 = Release|Any CPU
		{2E2A8A44-2C66-49C6-AC9D-00B6B3E1D5FF}.Ad-Hoc|x64.ActiveCfg = Release|Any CPU
		{2E2A8A44-2C66-49C6-AC9D-00B6B3E1D5FF}.Ad-Hoc|x64.Build.0 = Release|Any CPU
		{2E2A8A44-2C66-49C6-AC9D-00B6B3E1D5FF}.Ad-Hoc|x64.Deploy.0 = Release|Any CPU
		{2E2A8A44-2C66-49C6-AC9D-00B6B3E1D5FF}.Ad-Hoc|x86.ActiveCfg = Release|Any CPU
		{2E2A8A44-2C66-49C6-AC9D-00B6B3E1D5FF}.Ad-Hoc|x86.Build.0 = Release|Any CPU
		{2E2A8A44-2C66-49C6-AC9D-00B6B3E1D5FF}.Ad-Hoc|x86.Deploy.0 = Release|Any CPU
		{2E2A8A44-2C66-49C6-AC9D-00B6B3E1D5FF}.AppStore|Any CPU.ActiveCfg = Release|Any CPU
		{2E2A8A44-2C66-49C6-AC9D-00B6B3E1D5FF}.AppStore|Any CPU.Build.0 = Release|Any CPU
		{2E2A8A44-2C66-49C6-AC9D-00B6B3E1D5FF}.AppStore|Any CPU.Deploy.0 = Release|Any CPU
		{2E2A8A44-2C66-49C6-AC9D-00B6B3E1D5FF}.AppStore|ARM.ActiveCfg = Release|Any CPU
		{2E2A8A44-2C66-49C6-AC9D-00B6B3E1D5FF}.AppStore|ARM.Build.0 = Release|Any CPU
		{2E2A8A44-2C66-49C6-AC9D-00B6B3E1D5FF}.AppStore|ARM.Deploy.0 = Release|Any CPU
		{2E2A8A44-2C66-49C6-AC9D-00B6B3E1D5FF}.AppStore|iPhone.ActiveCfg = Release|Any CPU
		{2E2A8A44-2C66-49C6-AC9D-00B6B3E1D5FF}.AppStore|iPhone.Build.0 = Release|Any CPU
		{2E2A8A44-2C66-49C6-AC9D-00B6B3E1D5FF}.AppStore|iPhone.Deploy.0 = Release|Any CPU
		{2E2A8A44-2C66-49C6-AC9D-00B6B3E1D5FF}.AppStore|iPhoneSimulator.ActiveCfg = Release|Any CPU
		{2E2A8A44-2C66-49C6-AC9D-00B6B3E1D5FF}.AppStore|iPhoneSimulator.Build.0 = Release|Any CPU
		{2E2A8A44-2C66-49C6-AC9D-00B6B3E1D5FF}.AppStore|iPhoneSimulator.Deploy.0 = Release|Any CPU
		{2E2A8A44-2C66-49C6-AC9D-00B6B3E1D5FF}.AppStore|x64.ActiveCfg = Release|Any CPU
		{2E2A8A44-2C66-49C6-AC9D-00B6B3E1D5FF}.AppStore|x64.Build.0 = Release|Any CPU
		{2E2A8A44-2C66-49C6-AC9D-00B6B3E1D5FF}.AppStore|x64.Deploy.0 = Release|Any CPU
		{2E2A8A44-2C66-49C6-AC9D-00B6B3E1D5FF}.AppStore|x86.ActiveCfg = Release|Any CPU
		{2E2A8A44-2C66-49C6-AC9D-00B6B3E1D5FF}.AppStore|x86.Build.0 = Release|Any CPU
		{2E2A8A44-2C66-49C6-AC9D-00B6B3E1D5FF}.AppStore|x86.Deploy.0 = Release|Any CPU
		{2E2A8A44-2C66-49C6-AC9D-00B6B3E1D5FF}.Debug|Any CPU.ActiveCfg = Debug|Any CPU
		{2E2A8A44-2C66-49C6-AC9D-00B6B3E1D5FF}.Debug|Any CPU.Build.0 = Debug|Any CPU
		{2E2A8A44-2C66-49C6-AC9D-00B6B3E1D5FF}.Debug|Any CPU.Deploy.0 = Debug|Any CPU
		{2E2A8A44-2C66-49C6-AC9D-00B6B3E1D5FF}.Debug|ARM.ActiveCfg = Debug|Any CPU
		{2E2A8A44-2C66-49C6-AC9D-00B6B3E1D5FF}.Debug|ARM.Build.0 = Debug|Any CPU
		{2E2A8A44-2C66-49C6-AC9D-00B6B3E1D5FF}.Debug|ARM.Deploy.0 = Debug|Any CPU
		{2E2A8A44-2C66-49C6-AC9D-00B6B3E1D5FF}.Debug|iPhone.ActiveCfg = Debug|Any CPU
		{2E2A8A44-2C66-49C6-AC9D-00B6B3E1D5FF}.Debug|iPhone.Build.0 = Debug|Any CPU
		{2E2A8A44-2C66-49C6-AC9D-00B6B3E1D5FF}.Debug|iPhone.Deploy.0 = Debug|Any CPU
		{2E2A8A44-2C66-49C6-AC9D-00B6B3E1D5FF}.Debug|iPhoneSimulator.ActiveCfg = Debug|Any CPU
		{2E2A8A44-2C66-49C6-AC9D-00B6B3E1D5FF}.Debug|iPhoneSimulator.Build.0 = Debug|Any CPU
		{2E2A8A44-2C66-49C6-AC9D-00B6B3E1D5FF}.Debug|iPhoneSimulator.Deploy.0 = Debug|Any CPU
		{2E2A8A44-2C66-49C6-AC9D-00B6B3E1D5FF}.Debug|x64.ActiveCfg = Debug|Any CPU
		{2E2A8A44-2C66-49C6-AC9D-00B6B3E1D5FF}.Debug|x64.Build.0 = Debug|Any CPU
		{2E2A8A44-2C66-49C6-AC9D-00B6B3E1D5FF}.Debug|x64.Deploy.0 = Debug|Any CPU
		{2E2A8A44-2C66-49C6-AC9D-00B6B3E1D5FF}.Debug|x86.ActiveCfg = Debug|Any CPU
		{2E2A8A44-2C66-49C6-AC9D-00B6B3E1D5FF}.Debug|x86.Build.0 = Debug|Any CPU
		{2E2A8A44-2C66-49C6-AC9D-00B6B3E1D5FF}.Debug|x86.Deploy.0 = Debug|Any CPU
		{2E2A8A44-2C66-49C6-AC9D-00B6B3E1D5FF}.Release|Any CPU.ActiveCfg = Release|Any CPU
		{2E2A8A44-2C66-49C6-AC9D-00B6B3E1D5FF}.Release|Any CPU.Build.0 = Release|Any CPU
		{2E2A8A44-2C66-49C6-AC9D-00B6B3E1D5FF}.Release|Any CPU.Deploy.0 = Release|Any CPU
		{2E2A8A44-2C66-49C6-AC9D-00B6B3E1D5FF}.Release|ARM.ActiveCfg = Release|Any CPU
		{2E2A8A44-2C66-49C6-AC9D-00B6B3E1D5FF}.Release|ARM.Build.0 = Release|Any CPU
		{2E2A8A44-2C66-49C6-AC9D-00B6B3E1D5FF}.Release|ARM.Deploy.0 = Release|Any CPU
		{2E2A8A44-2C66-49C6-AC9D-00B6B3E1D5FF}.Release|iPhone.ActiveCfg = Release|Any CPU
		{2E2A8A44-2C66-49C6-AC9D-00B6B3E1D5FF}.Release|iPhone.Build.0 = Release|Any CPU
		{2E2A8A44-2C66-49C6-AC9D-00B6B3E1D5FF}.Release|iPhone.Deploy.0 = Release|Any CPU
		{2E2A8A44-2C66-49C6-AC9D-00B6B3E1D5FF}.Release|iPhoneSimulator.ActiveCfg = Release|Any CPU
		{2E2A8A44-2C66-49C6-AC9D-00B6B3E1D5FF}.Release|iPhoneSimulator.Build.0 = Release|Any CPU
		{2E2A8A44-2C66-49C6-AC9D-00B6B3E1D5FF}.Release|iPhoneSimulator.Deploy.0 = Release|Any CPU
		{2E2A8A44-2C66-49C6-AC9D-00B6B3E1D5FF}.Release|x64.ActiveCfg = Release|Any CPU
		{2E2A8A44-2C66-49C6-AC9D-00B6B3E1D5FF}.Release|x64.Build.0 = Release|Any CPU
		{2E2A8A44-2C66-49C6-AC9D-00B6B3E1D5FF}.Release|x64.Deploy.0 = Release|Any CPU
		{2E2A8A44-2C66-49C6-AC9D-00B6B3E1D5FF}.Release|x86.ActiveCfg = Release|Any CPU
		{2E2A8A44-2C66-49C6-AC9D-00B6B3E1D5FF}.Release|x86.Build.0 = Release|Any CPU
		{2E2A8A44-2C66-49C6-AC9D-00B6B3E1D5FF}.Release|x86.Deploy.0 = Release|Any CPU
		{7D67653B-3B99-43DF-8480-4C8C5E85C561}.Ad-Hoc|Any CPU.ActiveCfg = Ad-Hoc|iPhone
		{7D67653B-3B99-43DF-8480-4C8C5E85C561}.Ad-Hoc|ARM.ActiveCfg = Ad-Hoc|iPhone
		{7D67653B-3B99-43DF-8480-4C8C5E85C561}.Ad-Hoc|iPhone.ActiveCfg = Ad-Hoc|iPhone
		{7D67653B-3B99-43DF-8480-4C8C5E85C561}.Ad-Hoc|iPhone.Build.0 = Ad-Hoc|iPhone
		{7D67653B-3B99-43DF-8480-4C8C5E85C561}.Ad-Hoc|iPhoneSimulator.ActiveCfg = Ad-Hoc|iPhoneSimulator
		{7D67653B-3B99-43DF-8480-4C8C5E85C561}.Ad-Hoc|iPhoneSimulator.Build.0 = Ad-Hoc|iPhoneSimulator
		{7D67653B-3B99-43DF-8480-4C8C5E85C561}.Ad-Hoc|x64.ActiveCfg = Ad-Hoc|iPhone
		{7D67653B-3B99-43DF-8480-4C8C5E85C561}.Ad-Hoc|x86.ActiveCfg = Ad-Hoc|iPhone
		{7D67653B-3B99-43DF-8480-4C8C5E85C561}.AppStore|Any CPU.ActiveCfg = AppStore|iPhone
		{7D67653B-3B99-43DF-8480-4C8C5E85C561}.AppStore|ARM.ActiveCfg = AppStore|iPhone
		{7D67653B-3B99-43DF-8480-4C8C5E85C561}.AppStore|iPhone.ActiveCfg = AppStore|iPhone
		{7D67653B-3B99-43DF-8480-4C8C5E85C561}.AppStore|iPhone.Build.0 = AppStore|iPhone
		{7D67653B-3B99-43DF-8480-4C8C5E85C561}.AppStore|iPhoneSimulator.ActiveCfg = AppStore|iPhoneSimulator
		{7D67653B-3B99-43DF-8480-4C8C5E85C561}.AppStore|iPhoneSimulator.Build.0 = AppStore|iPhoneSimulator
		{7D67653B-3B99-43DF-8480-4C8C5E85C561}.AppStore|x64.ActiveCfg = AppStore|iPhone
		{7D67653B-3B99-43DF-8480-4C8C5E85C561}.AppStore|x86.ActiveCfg = AppStore|iPhone
		{7D67653B-3B99-43DF-8480-4C8C5E85C561}.Debug|Any CPU.ActiveCfg = Debug|iPhone
		{7D67653B-3B99-43DF-8480-4C8C5E85C561}.Debug|ARM.ActiveCfg = Debug|iPhone
		{7D67653B-3B99-43DF-8480-4C8C5E85C561}.Debug|iPhone.ActiveCfg = Debug|iPhone
		{7D67653B-3B99-43DF-8480-4C8C5E85C561}.Debug|iPhone.Build.0 = Debug|iPhone
		{7D67653B-3B99-43DF-8480-4C8C5E85C561}.Debug|iPhoneSimulator.ActiveCfg = Debug|iPhoneSimulator
		{7D67653B-3B99-43DF-8480-4C8C5E85C561}.Debug|iPhoneSimulator.Build.0 = Debug|iPhoneSimulator
		{7D67653B-3B99-43DF-8480-4C8C5E85C561}.Debug|x64.ActiveCfg = Debug|iPhone
		{7D67653B-3B99-43DF-8480-4C8C5E85C561}.Debug|x86.ActiveCfg = Debug|iPhone
		{7D67653B-3B99-43DF-8480-4C8C5E85C561}.Release|Any CPU.ActiveCfg = Release|iPhone
		{7D67653B-3B99-43DF-8480-4C8C5E85C561}.Release|ARM.ActiveCfg = Release|iPhone
		{7D67653B-3B99-43DF-8480-4C8C5E85C561}.Release|iPhone.ActiveCfg = Release|iPhone
		{7D67653B-3B99-43DF-8480-4C8C5E85C561}.Release|iPhone.Build.0 = Release|iPhone
		{7D67653B-3B99-43DF-8480-4C8C5E85C561}.Release|iPhoneSimulator.ActiveCfg = Release|iPhoneSimulator
		{7D67653B-3B99-43DF-8480-4C8C5E85C561}.Release|iPhoneSimulator.Build.0 = Release|iPhoneSimulator
		{7D67653B-3B99-43DF-8480-4C8C5E85C561}.Release|x64.ActiveCfg = Release|iPhone
		{7D67653B-3B99-43DF-8480-4C8C5E85C561}.Release|x86.ActiveCfg = Release|iPhone
		{E6DE95C2-C0C9-47AC-A746-42F4E1085C94}.Ad-Hoc|Any CPU.ActiveCfg = Release|x86
		{E6DE95C2-C0C9-47AC-A746-42F4E1085C94}.Ad-Hoc|Any CPU.Build.0 = Release|x86
		{E6DE95C2-C0C9-47AC-A746-42F4E1085C94}.Ad-Hoc|Any CPU.Deploy.0 = Release|x86
		{E6DE95C2-C0C9-47AC-A746-42F4E1085C94}.Ad-Hoc|ARM.ActiveCfg = Release|ARM
		{E6DE95C2-C0C9-47AC-A746-42F4E1085C94}.Ad-Hoc|ARM.Build.0 = Release|ARM
		{E6DE95C2-C0C9-47AC-A746-42F4E1085C94}.Ad-Hoc|ARM.Deploy.0 = Release|ARM
		{E6DE95C2-C0C9-47AC-A746-42F4E1085C94}.Ad-Hoc|iPhone.ActiveCfg = Release|x86
		{E6DE95C2-C0C9-47AC-A746-42F4E1085C94}.Ad-Hoc|iPhone.Build.0 = Release|x86
		{E6DE95C2-C0C9-47AC-A746-42F4E1085C94}.Ad-Hoc|iPhone.Deploy.0 = Release|x86
		{E6DE95C2-C0C9-47AC-A746-42F4E1085C94}.Ad-Hoc|iPhoneSimulator.ActiveCfg = Release|x86
		{E6DE95C2-C0C9-47AC-A746-42F4E1085C94}.Ad-Hoc|iPhoneSimulator.Build.0 = Release|x86
		{E6DE95C2-C0C9-47AC-A746-42F4E1085C94}.Ad-Hoc|iPhoneSimulator.Deploy.0 = Release|x86
		{E6DE95C2-C0C9-47AC-A746-42F4E1085C94}.Ad-Hoc|x64.ActiveCfg = Release|x64
		{E6DE95C2-C0C9-47AC-A746-42F4E1085C94}.Ad-Hoc|x64.Build.0 = Release|x64
		{E6DE95C2-C0C9-47AC-A746-42F4E1085C94}.Ad-Hoc|x64.Deploy.0 = Release|x64
		{E6DE95C2-C0C9-47AC-A746-42F4E1085C94}.Ad-Hoc|x86.ActiveCfg = Release|x86
		{E6DE95C2-C0C9-47AC-A746-42F4E1085C94}.Ad-Hoc|x86.Build.0 = Release|x86
		{E6DE95C2-C0C9-47AC-A746-42F4E1085C94}.Ad-Hoc|x86.Deploy.0 = Release|x86
		{E6DE95C2-C0C9-47AC-A746-42F4E1085C94}.AppStore|Any CPU.ActiveCfg = Release|x86
		{E6DE95C2-C0C9-47AC-A746-42F4E1085C94}.AppStore|Any CPU.Build.0 = Release|x86
		{E6DE95C2-C0C9-47AC-A746-42F4E1085C94}.AppStore|Any CPU.Deploy.0 = Release|x86
		{E6DE95C2-C0C9-47AC-A746-42F4E1085C94}.AppStore|ARM.ActiveCfg = Release|ARM
		{E6DE95C2-C0C9-47AC-A746-42F4E1085C94}.AppStore|ARM.Build.0 = Release|ARM
		{E6DE95C2-C0C9-47AC-A746-42F4E1085C94}.AppStore|ARM.Deploy.0 = Release|ARM
		{E6DE95C2-C0C9-47AC-A746-42F4E1085C94}.AppStore|iPhone.ActiveCfg = Release|x86
		{E6DE95C2-C0C9-47AC-A746-42F4E1085C94}.AppStore|iPhone.Build.0 = Release|x86
		{E6DE95C2-C0C9-47AC-A746-42F4E1085C94}.AppStore|iPhone.Deploy.0 = Release|x86
		{E6DE95C2-C0C9-47AC-A746-42F4E1085C94}.AppStore|iPhoneSimulator.ActiveCfg = Release|x86
		{E6DE95C2-C0C9-47AC-A746-42F4E1085C94}.AppStore|iPhoneSimulator.Build.0 = Release|x86
		{E6DE95C2-C0C9-47AC-A746-42F4E1085C94}.AppStore|iPhoneSimulator.Deploy.0 = Release|x86
		{E6DE95C2-C0C9-47AC-A746-42F4E1085C94}.AppStore|x64.ActiveCfg = Release|x64
		{E6DE95C2-C0C9-47AC-A746-42F4E1085C94}.AppStore|x64.Build.0 = Release|x64
		{E6DE95C2-C0C9-47AC-A746-42F4E1085C94}.AppStore|x64.Deploy.0 = Release|x64
		{E6DE95C2-C0C9-47AC-A746-42F4E1085C94}.AppStore|x86.ActiveCfg = Release|x86
		{E6DE95C2-C0C9-47AC-A746-42F4E1085C94}.AppStore|x86.Build.0 = Release|x86
		{E6DE95C2-C0C9-47AC-A746-42F4E1085C94}.AppStore|x86.Deploy.0 = Release|x86
		{E6DE95C2-C0C9-47AC-A746-42F4E1085C94}.Debug|Any CPU.ActiveCfg = Debug|x86
		{E6DE95C2-C0C9-47AC-A746-42F4E1085C94}.Debug|ARM.ActiveCfg = Debug|ARM
		{E6DE95C2-C0C9-47AC-A746-42F4E1085C94}.Debug|ARM.Build.0 = Debug|ARM
		{E6DE95C2-C0C9-47AC-A746-42F4E1085C94}.Debug|ARM.Deploy.0 = Debug|ARM
		{E6DE95C2-C0C9-47AC-A746-42F4E1085C94}.Debug|iPhone.ActiveCfg = Debug|x86
		{E6DE95C2-C0C9-47AC-A746-42F4E1085C94}.Debug|iPhoneSimulator.ActiveCfg = Debug|x86
		{E6DE95C2-C0C9-47AC-A746-42F4E1085C94}.Debug|x64.ActiveCfg = Debug|x64
		{E6DE95C2-C0C9-47AC-A746-42F4E1085C94}.Debug|x64.Build.0 = Debug|x64
		{E6DE95C2-C0C9-47AC-A746-42F4E1085C94}.Debug|x64.Deploy.0 = Debug|x64
		{E6DE95C2-C0C9-47AC-A746-42F4E1085C94}.Debug|x86.ActiveCfg = Debug|x86
		{E6DE95C2-C0C9-47AC-A746-42F4E1085C94}.Debug|x86.Build.0 = Debug|x86
		{E6DE95C2-C0C9-47AC-A746-42F4E1085C94}.Debug|x86.Deploy.0 = Debug|x86
		{E6DE95C2-C0C9-47AC-A746-42F4E1085C94}.Release|Any CPU.ActiveCfg = Release|x86
		{E6DE95C2-C0C9-47AC-A746-42F4E1085C94}.Release|ARM.ActiveCfg = Release|ARM
		{E6DE95C2-C0C9-47AC-A746-42F4E1085C94}.Release|ARM.Build.0 = Release|ARM
		{E6DE95C2-C0C9-47AC-A746-42F4E1085C94}.Release|ARM.Deploy.0 = Release|ARM
		{E6DE95C2-C0C9-47AC-A746-42F4E1085C94}.Release|iPhone.ActiveCfg = Release|x86
		{E6DE95C2-C0C9-47AC-A746-42F4E1085C94}.Release|iPhoneSimulator.ActiveCfg = Release|x86
		{E6DE95C2-C0C9-47AC-A746-42F4E1085C94}.Release|x64.ActiveCfg = Release|x64
		{E6DE95C2-C0C9-47AC-A746-42F4E1085C94}.Release|x64.Build.0 = Release|x64
		{E6DE95C2-C0C9-47AC-A746-42F4E1085C94}.Release|x64.Deploy.0 = Release|x64
		{E6DE95C2-C0C9-47AC-A746-42F4E1085C94}.Release|x86.ActiveCfg = Release|x86
		{E6DE95C2-C0C9-47AC-A746-42F4E1085C94}.Release|x86.Build.0 = Release|x86
		{E6DE95C2-C0C9-47AC-A746-42F4E1085C94}.Release|x86.Deploy.0 = Release|x86
		{67F9D3A8-F71E-4428-913F-C37AE82CDB24}.Ad-Hoc|Any CPU.ActiveCfg = Release|Any CPU
		{67F9D3A8-F71E-4428-913F-C37AE82CDB24}.Ad-Hoc|Any CPU.Build.0 = Release|Any CPU
		{67F9D3A8-F71E-4428-913F-C37AE82CDB24}.Ad-Hoc|ARM.ActiveCfg = Release|Any CPU
		{67F9D3A8-F71E-4428-913F-C37AE82CDB24}.Ad-Hoc|ARM.Build.0 = Release|Any CPU
		{67F9D3A8-F71E-4428-913F-C37AE82CDB24}.Ad-Hoc|iPhone.ActiveCfg = Release|Any CPU
		{67F9D3A8-F71E-4428-913F-C37AE82CDB24}.Ad-Hoc|iPhone.Build.0 = Release|Any CPU
		{67F9D3A8-F71E-4428-913F-C37AE82CDB24}.Ad-Hoc|iPhoneSimulator.ActiveCfg = Release|Any CPU
		{67F9D3A8-F71E-4428-913F-C37AE82CDB24}.Ad-Hoc|iPhoneSimulator.Build.0 = Release|Any CPU
		{67F9D3A8-F71E-4428-913F-C37AE82CDB24}.Ad-Hoc|x64.ActiveCfg = Release|Any CPU
		{67F9D3A8-F71E-4428-913F-C37AE82CDB24}.Ad-Hoc|x64.Build.0 = Release|Any CPU
		{67F9D3A8-F71E-4428-913F-C37AE82CDB24}.Ad-Hoc|x86.ActiveCfg = Release|Any CPU
		{67F9D3A8-F71E-4428-913F-C37AE82CDB24}.Ad-Hoc|x86.Build.0 = Release|Any CPU
		{67F9D3A8-F71E-4428-913F-C37AE82CDB24}.AppStore|Any CPU.ActiveCfg = Release|Any CPU
		{67F9D3A8-F71E-4428-913F-C37AE82CDB24}.AppStore|Any CPU.Build.0 = Release|Any CPU
		{67F9D3A8-F71E-4428-913F-C37AE82CDB24}.AppStore|ARM.ActiveCfg = Release|Any CPU
		{67F9D3A8-F71E-4428-913F-C37AE82CDB24}.AppStore|ARM.Build.0 = Release|Any CPU
		{67F9D3A8-F71E-4428-913F-C37AE82CDB24}.AppStore|iPhone.ActiveCfg = Release|Any CPU
		{67F9D3A8-F71E-4428-913F-C37AE82CDB24}.AppStore|iPhone.Build.0 = Release|Any CPU
		{67F9D3A8-F71E-4428-913F-C37AE82CDB24}.AppStore|iPhoneSimulator.ActiveCfg = Release|Any CPU
		{67F9D3A8-F71E-4428-913F-C37AE82CDB24}.AppStore|iPhoneSimulator.Build.0 = Release|Any CPU
		{67F9D3A8-F71E-4428-913F-C37AE82CDB24}.AppStore|x64.ActiveCfg = Release|Any CPU
		{67F9D3A8-F71E-4428-913F-C37AE82CDB24}.AppStore|x64.Build.0 = Release|Any CPU
		{67F9D3A8-F71E-4428-913F-C37AE82CDB24}.AppStore|x86.ActiveCfg = Release|Any CPU
		{67F9D3A8-F71E-4428-913F-C37AE82CDB24}.AppStore|x86.Build.0 = Release|Any CPU
		{67F9D3A8-F71E-4428-913F-C37AE82CDB24}.Debug|Any CPU.ActiveCfg = Debug|Any CPU
		{67F9D3A8-F71E-4428-913F-C37AE82CDB24}.Debug|Any CPU.Build.0 = Debug|Any CPU
		{67F9D3A8-F71E-4428-913F-C37AE82CDB24}.Debug|ARM.ActiveCfg = Debug|Any CPU
		{67F9D3A8-F71E-4428-913F-C37AE82CDB24}.Debug|ARM.Build.0 = Debug|Any CPU
		{67F9D3A8-F71E-4428-913F-C37AE82CDB24}.Debug|iPhone.ActiveCfg = Debug|Any CPU
		{67F9D3A8-F71E-4428-913F-C37AE82CDB24}.Debug|iPhone.Build.0 = Debug|Any CPU
		{67F9D3A8-F71E-4428-913F-C37AE82CDB24}.Debug|iPhoneSimulator.ActiveCfg = Debug|Any CPU
		{67F9D3A8-F71E-4428-913F-C37AE82CDB24}.Debug|iPhoneSimulator.Build.0 = Debug|Any CPU
		{67F9D3A8-F71E-4428-913F-C37AE82CDB24}.Debug|x64.ActiveCfg = Debug|Any CPU
		{67F9D3A8-F71E-4428-913F-C37AE82CDB24}.Debug|x64.Build.0 = Debug|Any CPU
		{67F9D3A8-F71E-4428-913F-C37AE82CDB24}.Debug|x86.ActiveCfg = Debug|Any CPU
		{67F9D3A8-F71E-4428-913F-C37AE82CDB24}.Debug|x86.Build.0 = Debug|Any CPU
		{67F9D3A8-F71E-4428-913F-C37AE82CDB24}.Release|Any CPU.ActiveCfg = Release|Any CPU
		{67F9D3A8-F71E-4428-913F-C37AE82CDB24}.Release|Any CPU.Build.0 = Release|Any CPU
		{67F9D3A8-F71E-4428-913F-C37AE82CDB24}.Release|ARM.ActiveCfg = Release|Any CPU
		{67F9D3A8-F71E-4428-913F-C37AE82CDB24}.Release|ARM.Build.0 = Release|Any CPU
		{67F9D3A8-F71E-4428-913F-C37AE82CDB24}.Release|iPhone.ActiveCfg = Release|Any CPU
		{67F9D3A8-F71E-4428-913F-C37AE82CDB24}.Release|iPhone.Build.0 = Release|Any CPU
		{67F9D3A8-F71E-4428-913F-C37AE82CDB24}.Release|iPhoneSimulator.ActiveCfg = Release|Any CPU
		{67F9D3A8-F71E-4428-913F-C37AE82CDB24}.Release|iPhoneSimulator.Build.0 = Release|Any CPU
		{67F9D3A8-F71E-4428-913F-C37AE82CDB24}.Release|x64.ActiveCfg = Release|Any CPU
		{67F9D3A8-F71E-4428-913F-C37AE82CDB24}.Release|x64.Build.0 = Release|Any CPU
		{67F9D3A8-F71E-4428-913F-C37AE82CDB24}.Release|x86.ActiveCfg = Release|Any CPU
		{67F9D3A8-F71E-4428-913F-C37AE82CDB24}.Release|x86.Build.0 = Release|Any CPU
		{8FA589B1-356E-4A97-B4C9-C1681A8906D7}.Ad-Hoc|Any CPU.ActiveCfg = Release|Any CPU
		{8FA589B1-356E-4A97-B4C9-C1681A8906D7}.Ad-Hoc|Any CPU.Build.0 = Release|Any CPU
		{8FA589B1-356E-4A97-B4C9-C1681A8906D7}.Ad-Hoc|ARM.ActiveCfg = Release|Any CPU
		{8FA589B1-356E-4A97-B4C9-C1681A8906D7}.Ad-Hoc|ARM.Build.0 = Release|Any CPU
		{8FA589B1-356E-4A97-B4C9-C1681A8906D7}.Ad-Hoc|iPhone.ActiveCfg = Release|Any CPU
		{8FA589B1-356E-4A97-B4C9-C1681A8906D7}.Ad-Hoc|iPhone.Build.0 = Release|Any CPU
		{8FA589B1-356E-4A97-B4C9-C1681A8906D7}.Ad-Hoc|iPhoneSimulator.ActiveCfg = Release|Any CPU
		{8FA589B1-356E-4A97-B4C9-C1681A8906D7}.Ad-Hoc|iPhoneSimulator.Build.0 = Release|Any CPU
		{8FA589B1-356E-4A97-B4C9-C1681A8906D7}.Ad-Hoc|x64.ActiveCfg = Release|Any CPU
		{8FA589B1-356E-4A97-B4C9-C1681A8906D7}.Ad-Hoc|x64.Build.0 = Release|Any CPU
		{8FA589B1-356E-4A97-B4C9-C1681A8906D7}.Ad-Hoc|x86.ActiveCfg = Release|Any CPU
		{8FA589B1-356E-4A97-B4C9-C1681A8906D7}.Ad-Hoc|x86.Build.0 = Release|Any CPU
		{8FA589B1-356E-4A97-B4C9-C1681A8906D7}.AppStore|Any CPU.ActiveCfg = Release|Any CPU
		{8FA589B1-356E-4A97-B4C9-C1681A8906D7}.AppStore|Any CPU.Build.0 = Release|Any CPU
		{8FA589B1-356E-4A97-B4C9-C1681A8906D7}.AppStore|ARM.ActiveCfg = Release|Any CPU
		{8FA589B1-356E-4A97-B4C9-C1681A8906D7}.AppStore|ARM.Build.0 = Release|Any CPU
		{8FA589B1-356E-4A97-B4C9-C1681A8906D7}.AppStore|iPhone.ActiveCfg = Release|Any CPU
		{8FA589B1-356E-4A97-B4C9-C1681A8906D7}.AppStore|iPhone.Build.0 = Release|Any CPU
		{8FA589B1-356E-4A97-B4C9-C1681A8906D7}.AppStore|iPhoneSimulator.ActiveCfg = Release|Any CPU
		{8FA589B1-356E-4A97-B4C9-C1681A8906D7}.AppStore|iPhoneSimulator.Build.0 = Release|Any CPU
		{8FA589B1-356E-4A97-B4C9-C1681A8906D7}.AppStore|x64.ActiveCfg = Release|Any CPU
		{8FA589B1-356E-4A97-B4C9-C1681A8906D7}.AppStore|x64.Build.0 = Release|Any CPU
		{8FA589B1-356E-4A97-B4C9-C1681A8906D7}.AppStore|x86.ActiveCfg = Release|Any CPU
		{8FA589B1-356E-4A97-B4C9-C1681A8906D7}.AppStore|x86.Build.0 = Release|Any CPU
		{8FA589B1-356E-4A97-B4C9-C1681A8906D7}.Debug|Any CPU.ActiveCfg = Debug|Any CPU
		{8FA589B1-356E-4A97-B4C9-C1681A8906D7}.Debug|Any CPU.Build.0 = Debug|Any CPU
		{8FA589B1-356E-4A97-B4C9-C1681A8906D7}.Debug|ARM.ActiveCfg = Debug|Any CPU
		{8FA589B1-356E-4A97-B4C9-C1681A8906D7}.Debug|ARM.Build.0 = Debug|Any CPU
		{8FA589B1-356E-4A97-B4C9-C1681A8906D7}.Debug|iPhone.ActiveCfg = Debug|Any CPU
		{8FA589B1-356E-4A97-B4C9-C1681A8906D7}.Debug|iPhone.Build.0 = Debug|Any CPU
		{8FA589B1-356E-4A97-B4C9-C1681A8906D7}.Debug|iPhoneSimulator.ActiveCfg = Debug|Any CPU
		{8FA589B1-356E-4A97-B4C9-C1681A8906D7}.Debug|iPhoneSimulator.Build.0 = Debug|Any CPU
		{8FA589B1-356E-4A97-B4C9-C1681A8906D7}.Debug|x64.ActiveCfg = Debug|Any CPU
		{8FA589B1-356E-4A97-B4C9-C1681A8906D7}.Debug|x64.Build.0 = Debug|Any CPU
		{8FA589B1-356E-4A97-B4C9-C1681A8906D7}.Debug|x86.ActiveCfg = Debug|Any CPU
		{8FA589B1-356E-4A97-B4C9-C1681A8906D7}.Debug|x86.Build.0 = Debug|Any CPU
		{8FA589B1-356E-4A97-B4C9-C1681A8906D7}.Release|Any CPU.ActiveCfg = Release|Any CPU
		{8FA589B1-356E-4A97-B4C9-C1681A8906D7}.Release|Any CPU.Build.0 = Release|Any CPU
		{8FA589B1-356E-4A97-B4C9-C1681A8906D7}.Release|ARM.ActiveCfg = Release|Any CPU
		{8FA589B1-356E-4A97-B4C9-C1681A8906D7}.Release|ARM.Build.0 = Release|Any CPU
		{8FA589B1-356E-4A97-B4C9-C1681A8906D7}.Release|iPhone.ActiveCfg = Release|Any CPU
		{8FA589B1-356E-4A97-B4C9-C1681A8906D7}.Release|iPhone.Build.0 = Release|Any CPU
		{8FA589B1-356E-4A97-B4C9-C1681A8906D7}.Release|iPhoneSimulator.ActiveCfg = Release|Any CPU
		{8FA589B1-356E-4A97-B4C9-C1681A8906D7}.Release|iPhoneSimulator.Build.0 = Release|Any CPU
		{8FA589B1-356E-4A97-B4C9-C1681A8906D7}.Release|x64.ActiveCfg = Release|Any CPU
		{8FA589B1-356E-4A97-B4C9-C1681A8906D7}.Release|x64.Build.0 = Release|Any CPU
		{8FA589B1-356E-4A97-B4C9-C1681A8906D7}.Release|x86.ActiveCfg = Release|Any CPU
		{8FA589B1-356E-4A97-B4C9-C1681A8906D7}.Release|x86.Build.0 = Release|Any CPU
		{82ADCADB-BD01-4569-9BD1-E5A8DB1C5CEA}.Ad-Hoc|Any CPU.ActiveCfg = Release|Any CPU
		{82ADCADB-BD01-4569-9BD1-E5A8DB1C5CEA}.Ad-Hoc|Any CPU.Build.0 = Release|Any CPU
		{82ADCADB-BD01-4569-9BD1-E5A8DB1C5CEA}.Ad-Hoc|ARM.ActiveCfg = Release|Any CPU
		{82ADCADB-BD01-4569-9BD1-E5A8DB1C5CEA}.Ad-Hoc|ARM.Build.0 = Release|Any CPU
		{82ADCADB-BD01-4569-9BD1-E5A8DB1C5CEA}.Ad-Hoc|iPhone.ActiveCfg = Release|Any CPU
		{82ADCADB-BD01-4569-9BD1-E5A8DB1C5CEA}.Ad-Hoc|iPhone.Build.0 = Release|Any CPU
		{82ADCADB-BD01-4569-9BD1-E5A8DB1C5CEA}.Ad-Hoc|iPhoneSimulator.ActiveCfg = Release|Any CPU
		{82ADCADB-BD01-4569-9BD1-E5A8DB1C5CEA}.Ad-Hoc|iPhoneSimulator.Build.0 = Release|Any CPU
		{82ADCADB-BD01-4569-9BD1-E5A8DB1C5CEA}.Ad-Hoc|x64.ActiveCfg = Release|Any CPU
		{82ADCADB-BD01-4569-9BD1-E5A8DB1C5CEA}.Ad-Hoc|x64.Build.0 = Release|Any CPU
		{82ADCADB-BD01-4569-9BD1-E5A8DB1C5CEA}.Ad-Hoc|x86.ActiveCfg = Release|Any CPU
		{82ADCADB-BD01-4569-9BD1-E5A8DB1C5CEA}.Ad-Hoc|x86.Build.0 = Release|Any CPU
		{82ADCADB-BD01-4569-9BD1-E5A8DB1C5CEA}.AppStore|Any CPU.ActiveCfg = Release|Any CPU
		{82ADCADB-BD01-4569-9BD1-E5A8DB1C5CEA}.AppStore|Any CPU.Build.0 = Release|Any CPU
		{82ADCADB-BD01-4569-9BD1-E5A8DB1C5CEA}.AppStore|ARM.ActiveCfg = Release|Any CPU
		{82ADCADB-BD01-4569-9BD1-E5A8DB1C5CEA}.AppStore|ARM.Build.0 = Release|Any CPU
		{82ADCADB-BD01-4569-9BD1-E5A8DB1C5CEA}.AppStore|iPhone.ActiveCfg = Release|Any CPU
		{82ADCADB-BD01-4569-9BD1-E5A8DB1C5CEA}.AppStore|iPhone.Build.0 = Release|Any CPU
		{82ADCADB-BD01-4569-9BD1-E5A8DB1C5CEA}.AppStore|iPhoneSimulator.ActiveCfg = Release|Any CPU
		{82ADCADB-BD01-4569-9BD1-E5A8DB1C5CEA}.AppStore|iPhoneSimulator.Build.0 = Release|Any CPU
		{82ADCADB-BD01-4569-9BD1-E5A8DB1C5CEA}.AppStore|x64.ActiveCfg = Release|Any CPU
		{82ADCADB-BD01-4569-9BD1-E5A8DB1C5CEA}.AppStore|x64.Build.0 = Release|Any CPU
		{82ADCADB-BD01-4569-9BD1-E5A8DB1C5CEA}.AppStore|x86.ActiveCfg = Release|Any CPU
		{82ADCADB-BD01-4569-9BD1-E5A8DB1C5CEA}.AppStore|x86.Build.0 = Release|Any CPU
		{82ADCADB-BD01-4569-9BD1-E5A8DB1C5CEA}.Debug|Any CPU.ActiveCfg = Debug|Any CPU
		{82ADCADB-BD01-4569-9BD1-E5A8DB1C5CEA}.Debug|Any CPU.Build.0 = Debug|Any CPU
		{82ADCADB-BD01-4569-9BD1-E5A8DB1C5CEA}.Debug|ARM.ActiveCfg = Debug|Any CPU
		{82ADCADB-BD01-4569-9BD1-E5A8DB1C5CEA}.Debug|ARM.Build.0 = Debug|Any CPU
		{82ADCADB-BD01-4569-9BD1-E5A8DB1C5CEA}.Debug|iPhone.ActiveCfg = Debug|Any CPU
		{82ADCADB-BD01-4569-9BD1-E5A8DB1C5CEA}.Debug|iPhone.Build.0 = Debug|Any CPU
		{82ADCADB-BD01-4569-9BD1-E5A8DB1C5CEA}.Debug|iPhoneSimulator.ActiveCfg = Debug|Any CPU
		{82ADCADB-BD01-4569-9BD1-E5A8DB1C5CEA}.Debug|iPhoneSimulator.Build.0 = Debug|Any CPU
		{82ADCADB-BD01-4569-9BD1-E5A8DB1C5CEA}.Debug|x64.ActiveCfg = Debug|Any CPU
		{82ADCADB-BD01-4569-9BD1-E5A8DB1C5CEA}.Debug|x64.Build.0 = Debug|Any CPU
		{82ADCADB-BD01-4569-9BD1-E5A8DB1C5CEA}.Debug|x86.ActiveCfg = Debug|Any CPU
		{82ADCADB-BD01-4569-9BD1-E5A8DB1C5CEA}.Debug|x86.Build.0 = Debug|Any CPU
		{82ADCADB-BD01-4569-9BD1-E5A8DB1C5CEA}.Release|Any CPU.ActiveCfg = Release|Any CPU
		{82ADCADB-BD01-4569-9BD1-E5A8DB1C5CEA}.Release|Any CPU.Build.0 = Release|Any CPU
		{82ADCADB-BD01-4569-9BD1-E5A8DB1C5CEA}.Release|ARM.ActiveCfg = Release|Any CPU
		{82ADCADB-BD01-4569-9BD1-E5A8DB1C5CEA}.Release|ARM.Build.0 = Release|Any CPU
		{82ADCADB-BD01-4569-9BD1-E5A8DB1C5CEA}.Release|iPhone.ActiveCfg = Release|Any CPU
		{82ADCADB-BD01-4569-9BD1-E5A8DB1C5CEA}.Release|iPhone.Build.0 = Release|Any CPU
		{82ADCADB-BD01-4569-9BD1-E5A8DB1C5CEA}.Release|iPhoneSimulator.ActiveCfg = Release|Any CPU
		{82ADCADB-BD01-4569-9BD1-E5A8DB1C5CEA}.Release|iPhoneSimulator.Build.0 = Release|Any CPU
		{82ADCADB-BD01-4569-9BD1-E5A8DB1C5CEA}.Release|x64.ActiveCfg = Release|Any CPU
		{82ADCADB-BD01-4569-9BD1-E5A8DB1C5CEA}.Release|x64.Build.0 = Release|Any CPU
		{82ADCADB-BD01-4569-9BD1-E5A8DB1C5CEA}.Release|x86.ActiveCfg = Release|Any CPU
		{82ADCADB-BD01-4569-9BD1-E5A8DB1C5CEA}.Release|x86.Build.0 = Release|Any CPU
	EndGlobalSection
	GlobalSection(SolutionProperties) = preSolution
		HideSolutionNode = FALSE
	EndGlobalSection
EndGlobal
